
Microsoft Visual Studio Solution File, Format Version 12.00
# Visual Studio 15
VisualStudioVersion = 15.0.28010.2041
MinimumVisualStudioVersion = 10.0.40219.1
Project("{FAE04EC0-301F-11D3-BF4B-00C04F79EFBC}") = "MovieStore", "MovieStore\MovieStore.csproj", "{D32A4764-DEF3-499E-A272-A06B6486BECC}"
EndProject
Global
	GlobalSection(SolutionConfigurationPlatforms) = preSolution
		Debug|Any CPU = Debug|Any CPU
		Release|Any CPU = Release|Any CPU
	EndGlobalSection
	GlobalSection(ProjectConfigurationPlatforms) = postSolution
		{D32A4764-DEF3-499E-A272-A06B6486BECC}.Debug|Any CPU.ActiveCfg = Debug|Any CPU
		{D32A4764-DEF3-499E-A272-A06B6486BECC}.Debug|Any CPU.Build.0 = Debug|Any CPU
		{D32A4764-DEF3-499E-A272-A06B6486BECC}.Release|Any CPU.ActiveCfg = Release|Any CPU
		{D32A4764-DEF3-499E-A272-A06B6486BECC}.Release|Any CPU.Build.0 = Release|Any CPU
	EndGlobalSection
	GlobalSection(SolutionProperties) = preSolution
		HideSolutionNode = FALSE
	EndGlobalSection
	GlobalSection(ExtensibilityGlobals) = postSolution
		SolutionGuid = {1F6304A9-F2B6-4EED-B04F-DB3F39B11229}
	EndGlobalSection
EndGlobal
